
Microsoft Visual Studio Solution File, Format Version 12.00
# Visual Studio Version 18
VisualStudioVersion = 18.0.11222.15
MinimumVisualStudioVersion = 10.0.40219.1
Project("{FAE04EC0-301F-11D3-BF4B-00C04F79EFBC}") = "CDS_MAUI", "CDS_MAUI\CDS_MAUI.csproj", "{7F5A4BA6-038D-4733-91DF-D033C77AD07C}"
EndProject
Project("{2150E333-8FDC-42A3-9474-1A3956D46DE8}") = "ApplicationCore", "ApplicationCore", "{C8DAC03C-D218-41CE-8FB1-F9772E162B44}"
EndProject
Project("{2150E333-8FDC-42A3-9474-1A3956D46DE8}") = "Infrastructure", "Infrastructure", "{CDE80DC2-C4EC-417C-AED3-394FAC852F0A}"
EndProject
Project("{2150E333-8FDC-42A3-9474-1A3956D46DE8}") = "UI", "UI", "{122C5401-CF20-43C0-A91F-89DA6E8E5639}"
EndProject
Project("{FAE04EC0-301F-11D3-BF4B-00C04F79EFBC}") = "CDS_DomainModel", "CDS_DomainModel\CDS_DomainModel.csproj", "{C0BB9CA4-0B2A-407E-A2C1-1D02F2EF23B9}"
EndProject
Project("{FAE04EC0-301F-11D3-BF4B-00C04F79EFBC}") = "CDS_Interfaces", "CDS_Interfaces\CDS_Interfaces.csproj", "{BDE61A71-911C-409C-9D58-3C3271A60FE6}"
EndProject
Project("{FAE04EC0-301F-11D3-BF4B-00C04F79EFBC}") = "CDS_BLL", "CDS_BLL\CDS_BLL.csproj", "{A9BB72F8-7B48-486A-AAEF-71D160EC4BB2}"
EndProject
Project("{FAE04EC0-301F-11D3-BF4B-00C04F79EFBC}") = "CDS_DAL", "CDS_DAL\CDS_DAL.csproj", "{D3709775-84EC-4CF7-96C0-6A01FCC35609}"
EndProject
Global
	GlobalSection(SolutionConfigurationPlatforms) = preSolution
		Debug|Any CPU = Debug|Any CPU
		Release|Any CPU = Release|Any CPU
	EndGlobalSection
	GlobalSection(ProjectConfigurationPlatforms) = postSolution
		{7F5A4BA6-038D-4733-91DF-D033C77AD07C}.Debug|Any CPU.ActiveCfg = Debug|Any CPU
		{7F5A4BA6-038D-4733-91DF-D033C77AD07C}.Debug|Any CPU.Build.0 = Debug|Any CPU
		{7F5A4BA6-038D-4733-91DF-D033C77AD07C}.Release|Any CPU.ActiveCfg = Release|Any CPU
		{7F5A4BA6-038D-4733-91DF-D033C77AD07C}.Release|Any CPU.Build.0 = Release|Any CPU
		{C0BB9CA4-0B2A-407E-A2C1-1D02F2EF23B9}.Debug|Any CPU.ActiveCfg = Debug|Any CPU
		{C0BB9CA4-0B2A-407E-A2C1-1D02F2EF23B9}.Debug|Any CPU.Build.0 = Debug|Any CPU
		{C0BB9CA4-0B2A-407E-A2C1-1D02F2EF23B9}.Release|Any CPU.ActiveCfg = Release|Any CPU
		{C0BB9CA4-0B2A-407E-A2C1-1D02F2EF23B9}.Release|Any CPU.Build.0 = Release|Any CPU
		{BDE61A71-911C-409C-9D58-3C3271A60FE6}.Debug|Any CPU.ActiveCfg = Debug|Any CPU
		{BDE61A71-911C-409C-9D58-3C3271A60FE6}.Debug|Any CPU.Build.0 = Debug|Any CPU
		{BDE61A71-911C-409C-9D58-3C3271A60FE6}.Release|Any CPU.ActiveCfg = Release|Any CPU
		{BDE61A71-911C-409C-9D58-3C3271A60FE6}.Release|Any CPU.Build.0 = Release|Any CPU
		{A9BB72F8-7B48-486A-AAEF-71D160EC4BB2}.Debug|Any CPU.ActiveCfg = Debug|Any CPU
		{A9BB72F8-7B48-486A-AAEF-71D160EC4BB2}.Debug|Any CPU.Build.0 = Debug|Any CPU
		{A9BB72F8-7B48-486A-AAEF-71D160EC4BB2}.Release|Any CPU.ActiveCfg = Release|Any CPU
		{A9BB72F8-7B48-486A-AAEF-71D160EC4BB2}.Release|Any CPU.Build.0 = Release|Any CPU
		{D3709775-84EC-4CF7-96C0-6A01FCC35609}.Debug|Any CPU.ActiveCfg = Debug|Any CPU
		{D3709775-84EC-4CF7-96C0-6A01FCC35609}.Debug|Any CPU.Build.0 = Debug|Any CPU
		{D3709775-84EC-4CF7-96C0-6A01FCC35609}.Release|Any CPU.ActiveCfg = Release|Any CPU
		{D3709775-84EC-4CF7-96C0-6A01FCC35609}.Release|Any CPU.Build.0 = Release|Any CPU
	EndGlobalSection
	GlobalSection(SolutionProperties) = preSolution
		HideSolutionNode = FALSE
	EndGlobalSection
	GlobalSection(NestedProjects) = preSolution
		{7F5A4BA6-038D-4733-91DF-D033C77AD07C} = {122C5401-CF20-43C0-A91F-89DA6E8E5639}
		{C0BB9CA4-0B2A-407E-A2C1-1D02F2EF23B9} = {C8DAC03C-D218-41CE-8FB1-F9772E162B44}
		{BDE61A71-911C-409C-9D58-3C3271A60FE6} = {C8DAC03C-D218-41CE-8FB1-F9772E162B44}
		{A9BB72F8-7B48-486A-AAEF-71D160EC4BB2} = {CDE80DC2-C4EC-417C-AED3-394FAC852F0A}
		{D3709775-84EC-4CF7-96C0-6A01FCC35609} = {CDE80DC2-C4EC-417C-AED3-394FAC852F0A}
	EndGlobalSection
	GlobalSection(ExtensibilityGlobals) = postSolution
		SolutionGuid = {06FF3117-DC48-4517-8B74-06A0FF9E7D51}
	EndGlobalSection
EndGlobal
